
Microsoft Visual Studio Solution File, Format Version 12.00
# Visual Studio Version 17
VisualStudioVersion = 17.3.32929.385
MinimumVisualStudioVersion = 10.0.40219.1
Project("{FAE04EC0-301F-11D3-BF4B-00C04F79EFBC}") = "WinFormsApp2", "WinFormsApp2\WinFormsApp2.csproj", "{45AA681C-2E6B-4FD1-BDC8-416BCF3F2293}"
EndProject
Global
	GlobalSection(SolutionConfigurationPlatforms) = preSolution
		Debug|Any CPU = Debug|Any CPU
		Release|Any CPU = Release|Any CPU
	EndGlobalSection
	GlobalSection(ProjectConfigurationPlatforms) = postSolution
		{45AA681C-2E6B-4FD1-BDC8-416BCF3F2293}.Debug|Any CPU.ActiveCfg = Debug|Any CPU
		{45AA681C-2E6B-4FD1-BDC8-416BCF3F2293}.Debug|Any CPU.Build.0 = Debug|Any CPU
		{45AA681C-2E6B-4FD1-BDC8-416BCF3F2293}.Release|Any CPU.ActiveCfg = Release|Any CPU
		{45AA681C-2E6B-4FD1-BDC8-416BCF3F2293}.Release|Any CPU.Build.0 = Release|Any CPU
	EndGlobalSection
	GlobalSection(SolutionProperties) = preSolution
		HideSolutionNode = FALSE
	EndGlobalSection
	GlobalSection(ExtensibilityGlobals) = postSolution
		SolutionGuid = {8FFBA6A9-07C7-4919-A468-EAAE12E60E98}
	EndGlobalSection
EndGlobal
